{
  "name": "sf-academy",
  "version": "1.0.0",
  "lockfileVersion": 3,
  "requires": true,
  "packages": {
    "": {
      "name": "sf-academy",
      "version": "1.0.0",
      "license": "ISC",
      "devDependencies": {
        "@types/node-cron": "^3.0.8"
      }
    },
    "node_modules/@types/node-cron": {
      "version": "3.0.8",
      "resolved": "https://registry.npmjs.org/@types/node-cron/-/node-cron-3.0.8.tgz",
      "integrity": "sha512-+z5VrCvLwiJUohbRSgHdyZnHzAaLuD/E2bBANw+NQ1l05Crj8dIxb/kKK+OEqRitV2Wr/LYLuEBenGDsHZVV5Q==",
      "dev": true
    }
  }
}
