{
  "name": "sf-academy",
  "version": "1.0.0",
  "lockfileVersion": 3,
  "requires": true,
  "packages": {
    "": {
      "name": "sf-academy",
      "version": "1.0.0",
      "license": "ISC",
      "dependencies": {
        "txtgen": "^3.0.6"
      }
    },
    "node_modules/txtgen": {
      "version": "3.0.6",
      "resolved": "https://registry.npmjs.org/txtgen/-/txtgen-3.0.6.tgz",
      "integrity": "sha512-5beXLv3Z6VYtoefq9tUny0tKx2qB03MXkoSJQhMcvqdt+ZN5XL26o1Wa5TsCUWYLEm9caJK5LvMQu5cJEUUtOw==",
      "engines": {
        "node": ">= 14"
      }
    }
  }
}
